{
    "_readme": [
        "This file locks the dependencies of your project to a known state",
        "Read more about it at https://getcomposer.org/doc/01-basic-usage.md#composer-lock-the-lock-file",
        "This file is @generated automatically"
    ],
    "content-hash": "a79e5499424007ecd0b66f2a11b79dee",
    "packages": [
        {
            "name": "websk/php-utils",
            "version": "dev-master",
            "source": {
                "type": "git",
                "url": "https://github.com/websk/php-utils.git",
                "reference": "e5c29b800bb277f50858d99239ae814ac85f832d"
            },
            "dist": {
                "type": "zip",
                "url": "https://api.github.com/repos/websk/php-utils/zipball/e5c29b800bb277f50858d99239ae814ac85f832d",
                "reference": "e5c29b800bb277f50858d99239ae814ac85f832d",
                "shasum": ""
            },
            "type": "library",
            "autoload": {
                "psr-4": {
                    "": "src/"
                }
            },
            "notification-url": "https://packagist.org/downloads/",
            "time": "2018-07-02T14:12:58+00:00"
        }
    ],
    "packages-dev": [],
    "aliases": [],
    "minimum-stability": "stable",
    "stability-flags": {
        "websk/php-utils": 20
    },
    "prefer-stable": false,
    "prefer-lowest": false,
    "platform": {
        "ext-pdo": "*"
    },
    "platform-dev": []
}
